// !$*UTF8*$!
{
	archiveVersion = 1;
	classes = {
	};
	objectVersion = 56;
	objects = {

/* Begin PBXBuildFile section */
		EB18CC3A2BA825E10033E436 /* TableItemPlussViewCell.swift in Sources */ = {isa = PBXBuildFile; fileRef = EB18CC392BA825E10033E436 /* TableItemPlussViewCell.swift */; };
		EB3285622BA197FD00BF55FF /* MainViewController.swift in Sources */ = {isa = PBXBuildFile; fileRef = EB3285612BA197FD00BF55FF /* MainViewController.swift */; };
		EB3285652BA1982700BF55FF /* MainViewModel.swift in Sources */ = {isa = PBXBuildFile; fileRef = EB3285642BA1982700BF55FF /* MainViewModel.swift */; };
		EB3285682BA1983700BF55FF /* MainModel.swift in Sources */ = {isa = PBXBuildFile; fileRef = EB3285672BA1983700BF55FF /* MainModel.swift */; };
		EB32856A2BA1A10900BF55FF /* TableItemViewCell.swift in Sources */ = {isa = PBXBuildFile; fileRef = EB3285692BA1A10900BF55FF /* TableItemViewCell.swift */; };
		EB5A864A2BA2880400BDE504 /* Differentiator in Frameworks */ = {isa = PBXBuildFile; productRef = EB5A86492BA2880400BDE504 /* Differentiator */; };
		EB5A864C2BA2880400BDE504 /* RxDataSources in Frameworks */ = {isa = PBXBuildFile; productRef = EB5A864B2BA2880400BDE504 /* RxDataSources */; };
		EB77F42D2B9E831F002F1C04 /* AppDelegate.swift in Sources */ = {isa = PBXBuildFile; fileRef = EB77F42C2B9E831F002F1C04 /* AppDelegate.swift */; };
		EB77F42F2B9E831F002F1C04 /* SceneDelegate.swift in Sources */ = {isa = PBXBuildFile; fileRef = EB77F42E2B9E831F002F1C04 /* SceneDelegate.swift */; };
		EB77F4312B9E831F002F1C04 /* ViewController.swift in Sources */ = {isa = PBXBuildFile; fileRef = EB77F4302B9E831F002F1C04 /* ViewController.swift */; };
		EB77F4342B9E831F002F1C04 /* Main.storyboard in Resources */ = {isa = PBXBuildFile; fileRef = EB77F4322B9E831F002F1C04 /* Main.storyboard */; };
		EB77F4362B9E8320002F1C04 /* Assets.xcassets in Resources */ = {isa = PBXBuildFile; fileRef = EB77F4352B9E8320002F1C04 /* Assets.xcassets */; };
		EB77F4392B9E8320002F1C04 /* LaunchScreen.storyboard in Resources */ = {isa = PBXBuildFile; fileRef = EB77F4372B9E8320002F1C04 /* LaunchScreen.storyboard */; };
		EB77F4442B9E8320002F1C04 /* RxSwiftStudyTests.swift in Sources */ = {isa = PBXBuildFile; fileRef = EB77F4432B9E8320002F1C04 /* RxSwiftStudyTests.swift */; };
		EB77F44E2B9E8320002F1C04 /* RxSwiftStudyUITests.swift in Sources */ = {isa = PBXBuildFile; fileRef = EB77F44D2B9E8320002F1C04 /* RxSwiftStudyUITests.swift */; };
		EB77F4502B9E8320002F1C04 /* RxSwiftStudyUITestsLaunchTests.swift in Sources */ = {isa = PBXBuildFile; fileRef = EB77F44F2B9E8320002F1C04 /* RxSwiftStudyUITestsLaunchTests.swift */; };
		EB77F45E2B9E8CDC002F1C04 /* RxCocoa in Frameworks */ = {isa = PBXBuildFile; productRef = EB77F45D2B9E8CDC002F1C04 /* RxCocoa */; };
		EB77F4602B9E8CDC002F1C04 /* RxSwift in Frameworks */ = {isa = PBXBuildFile; productRef = EB77F45F2B9E8CDC002F1C04 /* RxSwift */; };
		EBCB51D12BA977FB00766BD1 /* DetailViewController.swift in Sources */ = {isa = PBXBuildFile; fileRef = EBCB51D02BA977FB00766BD1 /* DetailViewController.swift */; };
/* End PBXBuildFile section */

/* Begin PBXContainerItemProxy section */
		EB77F4402B9E8320002F1C04 /* PBXContainerItemProxy */ = {
			isa = PBXContainerItemProxy;
			containerPortal = EB77F4212B9E831F002F1C04 /* Project object */;
			proxyType = 1;
			remoteGlobalIDString = EB77F4282B9E831F002F1C04;
			remoteInfo = RxSwiftStudy;
		};
		EB77F44A2B9E8320002F1C04 /* PBXContainerItemProxy */ = {
			isa = PBXContainerItemProxy;
			containerPortal = EB77F4212B9E831F002F1C04 /* Project object */;
			proxyType = 1;
			remoteGlobalIDString = EB77F4282B9E831F002F1C04;
			remoteInfo = RxSwiftStudy;
		};
/* End PBXContainerItemProxy section */

/* Begin PBXFileReference section */
		EB18CC392BA825E10033E436 /* TableItemPlussViewCell.swift */ = {isa = PBXFileReference; lastKnownFileType = sourcecode.swift; path = TableItemPlussViewCell.swift; sourceTree = "<group>"; };
		EB3285612BA197FD00BF55FF /* MainViewController.swift */ = {isa = PBXFileReference; lastKnownFileType = sourcecode.swift; path = MainViewController.swift; sourceTree = "<group>"; };
		EB3285642BA1982700BF55FF /* MainViewModel.swift */ = {isa = PBXFileReference; lastKnownFileType = sourcecode.swift; path = MainViewModel.swift; sourceTree = "<group>"; };
		EB3285672BA1983700BF55FF /* MainModel.swift */ = {isa = PBXFileReference; lastKnownFileType = sourcecode.swift; path = MainModel.swift; sourceTree = "<group>"; };
		EB3285692BA1A10900BF55FF /* TableItemViewCell.swift */ = {isa = PBXFileReference; lastKnownFileType = sourcecode.swift; path = TableItemViewCell.swift; sourceTree = "<group>"; };
		EB77F4292B9E831F002F1C04 /* RxSwiftStudy.app */ = {isa = PBXFileReference; explicitFileType = wrapper.application; includeInIndex = 0; path = RxSwiftStudy.app; sourceTree = BUILT_PRODUCTS_DIR; };
		EB77F42C2B9E831F002F1C04 /* AppDelegate.swift */ = {isa = PBXFileReference; lastKnownFileType = sourcecode.swift; path = AppDelegate.swift; sourceTree = "<group>"; };
		EB77F42E2B9E831F002F1C04 /* SceneDelegate.swift */ = {isa = PBXFileReference; lastKnownFileType = sourcecode.swift; path = SceneDelegate.swift; sourceTree = "<group>"; };
		EB77F4302B9E831F002F1C04 /* ViewController.swift */ = {isa = PBXFileReference; lastKnownFileType = sourcecode.swift; path = ViewController.swift; sourceTree = "<group>"; };
		EB77F4332B9E831F002F1C04 /* Base */ = {isa = PBXFileReference; lastKnownFileType = file.storyboard; name = Base; path = Base.lproj/Main.storyboard; sourceTree = "<group>"; };
		EB77F4352B9E8320002F1C04 /* Assets.xcassets */ = {isa = PBXFileReference; lastKnownFileType = folder.assetcatalog; path = Assets.xcassets; sourceTree = "<group>"; };
		EB77F4382B9E8320002F1C04 /* Base */ = {isa = PBXFileReference; lastKnownFileType = file.storyboard; name = Base; path = Base.lproj/LaunchScreen.storyboard; sourceTree = "<group>"; };
		EB77F43A2B9E8320002F1C04 /* Info.plist */ = {isa = PBXFileReference; lastKnownFileType = text.plist.xml; path = Info.plist; sourceTree = "<group>"; };
		EB77F43F2B9E8320002F1C04 /* RxSwiftStudyTests.xctest */ = {isa = PBXFileReference; explicitFileType = wrapper.cfbundle; includeInIndex = 0; path = RxSwiftStudyTests.xctest; sourceTree = BUILT_PRODUCTS_DIR; };
		EB77F4432B9E8320002F1C04 /* RxSwiftStudyTests.swift */ = {isa = PBXFileReference; lastKnownFileType = sourcecode.swift; path = RxSwiftStudyTests.swift; sourceTree = "<group>"; };
		EB77F4492B9E8320002F1C04 /* RxSwiftStudyUITests.xctest */ = {isa = PBXFileReference; explicitFileType = wrapper.cfbundle; includeInIndex = 0; path = RxSwiftStudyUITests.xctest; sourceTree = BUILT_PRODUCTS_DIR; };
		EB77F44D2B9E8320002F1C04 /* RxSwiftStudyUITests.swift */ = {isa = PBXFileReference; lastKnownFileType = sourcecode.swift; path = RxSwiftStudyUITests.swift; sourceTree = "<group>"; };
		EB77F44F2B9E8320002F1C04 /* RxSwiftStudyUITestsLaunchTests.swift */ = {isa = PBXFileReference; lastKnownFileType = sourcecode.swift; path = RxSwiftStudyUITestsLaunchTests.swift; sourceTree = "<group>"; };
		EBCB51D02BA977FB00766BD1 /* DetailViewController.swift */ = {isa = PBXFileReference; lastKnownFileType = sourcecode.swift; path = DetailViewController.swift; sourceTree = "<group>"; };
/* End PBXFileReference section */

/* Begin PBXFrameworksBuildPhase section */
		EB77F4262B9E831F002F1C04 /* Frameworks */ = {
			isa = PBXFrameworksBuildPhase;
			buildActionMask = 2147483647;
			files = (
				EB77F4602B9E8CDC002F1C04 /* RxSwift in Frameworks */,
				EB5A864C2BA2880400BDE504 /* RxDataSources in Frameworks */,
				EB5A864A2BA2880400BDE504 /* Differentiator in Frameworks */,
				EB77F45E2B9E8CDC002F1C04 /* RxCocoa in Frameworks */,
			);
			runOnlyForDeploymentPostprocessing = 0;
		};
		EB77F43C2B9E8320002F1C04 /* Frameworks */ = {
			isa = PBXFrameworksBuildPhase;
			buildActionMask = 2147483647;
			files = (
			);
			runOnlyForDeploymentPostprocessing = 0;
		};
		EB77F4462B9E8320002F1C04 /* Frameworks */ = {
			isa = PBXFrameworksBuildPhase;
			buildActionMask = 2147483647;
			files = (
			);
			runOnlyForDeploymentPostprocessing = 0;
		};
/* End PBXFrameworksBuildPhase section */

/* Begin PBXGroup section */
		EB3285602BA197D700BF55FF /* View */ = {
			isa = PBXGroup;
			children = (
				EB77F4322B9E831F002F1C04 /* Main.storyboard */,
				EB18CC392BA825E10033E436 /* TableItemPlussViewCell.swift */,
				EB3285612BA197FD00BF55FF /* MainViewController.swift */,
				EB3285692BA1A10900BF55FF /* TableItemViewCell.swift */,
				EBCB51D02BA977FB00766BD1 /* DetailViewController.swift */,
			);
			path = View;
			sourceTree = "<group>";
		};
		EB3285632BA1981200BF55FF /* ViewModel */ = {
			isa = PBXGroup;
			children = (
				EB3285642BA1982700BF55FF /* MainViewModel.swift */,
			);
			path = ViewModel;
			sourceTree = "<group>";
		};
		EB3285662BA1982B00BF55FF /* Model */ = {
			isa = PBXGroup;
			children = (
				EB3285672BA1983700BF55FF /* MainModel.swift */,
			);
			path = Model;
			sourceTree = "<group>";
		};
		EB77F4202B9E831F002F1C04 = {
			isa = PBXGroup;
			children = (
				EB77F42B2B9E831F002F1C04 /* RxSwiftStudy */,
				EB77F4422B9E8320002F1C04 /* RxSwiftStudyTests */,
				EB77F44C2B9E8320002F1C04 /* RxSwiftStudyUITests */,
				EB77F42A2B9E831F002F1C04 /* Products */,
			);
			sourceTree = "<group>";
		};
		EB77F42A2B9E831F002F1C04 /* Products */ = {
			isa = PBXGroup;
			children = (
				EB77F4292B9E831F002F1C04 /* RxSwiftStudy.app */,
				EB77F43F2B9E8320002F1C04 /* RxSwiftStudyTests.xctest */,
				EB77F4492B9E8320002F1C04 /* RxSwiftStudyUITests.xctest */,
			);
			name = Products;
			sourceTree = "<group>";
		};
		EB77F42B2B9E831F002F1C04 /* RxSwiftStudy */ = {
			isa = PBXGroup;
			children = (
				EB3285662BA1982B00BF55FF /* Model */,
				EB3285632BA1981200BF55FF /* ViewModel */,
				EB3285602BA197D700BF55FF /* View */,
				EB77F42C2B9E831F002F1C04 /* AppDelegate.swift */,
				EB77F42E2B9E831F002F1C04 /* SceneDelegate.swift */,
				EB77F4302B9E831F002F1C04 /* ViewController.swift */,
				EB77F4352B9E8320002F1C04 /* Assets.xcassets */,
				EB77F4372B9E8320002F1C04 /* LaunchScreen.storyboard */,
				EB77F43A2B9E8320002F1C04 /* Info.plist */,
			);
			path = RxSwiftStudy;
			sourceTree = "<group>";
		};
		EB77F4422B9E8320002F1C04 /* RxSwiftStudyTests */ = {
			isa = PBXGroup;
			children = (
				EB77F4432B9E8320002F1C04 /* RxSwiftStudyTests.swift */,
			);
			path = RxSwiftStudyTests;
			sourceTree = "<group>";
		};
		EB77F44C2B9E8320002F1C04 /* RxSwiftStudyUITests */ = {
			isa = PBXGroup;
			children = (
				EB77F44D2B9E8320002F1C04 /* RxSwiftStudyUITests.swift */,
				EB77F44F2B9E8320002F1C04 /* RxSwiftStudyUITestsLaunchTests.swift */,
			);
			path = RxSwiftStudyUITests;
			sourceTree = "<group>";
		};
/* End PBXGroup section */

/* Begin PBXNativeTarget section */
		EB77F4282B9E831F002F1C04 /* RxSwiftStudy */ = {
			isa = PBXNativeTarget;
			buildConfigurationList = EB77F4532B9E8320002F1C04 /* Build configuration list for PBXNativeTarget "RxSwiftStudy" */;
			buildPhases = (
				EB77F4252B9E831F002F1C04 /* Sources */,
				EB77F4262B9E831F002F1C04 /* Frameworks */,
				EB77F4272B9E831F002F1C04 /* Resources */,
			);
			buildRules = (
			);
			dependencies = (
			);
			name = RxSwiftStudy;
			packageProductDependencies = (
				EB77F45D2B9E8CDC002F1C04 /* RxCocoa */,
				EB77F45F2B9E8CDC002F1C04 /* RxSwift */,
				EB5A86492BA2880400BDE504 /* Differentiator */,
				EB5A864B2BA2880400BDE504 /* RxDataSources */,
			);
			productName = RxSwiftStudy;
			productReference = EB77F4292B9E831F002F1C04 /* RxSwiftStudy.app */;
			productType = "com.apple.product-type.application";
		};
		EB77F43E2B9E8320002F1C04 /* RxSwiftStudyTests */ = {
			isa = PBXNativeTarget;
			buildConfigurationList = EB77F4562B9E8320002F1C04 /* Build configuration list for PBXNativeTarget "RxSwiftStudyTests" */;
			buildPhases = (
				EB77F43B2B9E8320002F1C04 /* Sources */,
				EB77F43C2B9E8320002F1C04 /* Frameworks */,
				EB77F43D2B9E8320002F1C04 /* Resources */,
			);
			buildRules = (
			);
			dependencies = (
				EB77F4412B9E8320002F1C04 /* PBXTargetDependency */,
			);
			name = RxSwiftStudyTests;
			productName = RxSwiftStudyTests;
			productReference = EB77F43F2B9E8320002F1C04 /* RxSwiftStudyTests.xctest */;
			productType = "com.apple.product-type.bundle.unit-test";
		};
		EB77F4482B9E8320002F1C04 /* RxSwiftStudyUITests */ = {
			isa = PBXNativeTarget;
			buildConfigurationList = EB77F4592B9E8320002F1C04 /* Build configuration list for PBXNativeTarget "RxSwiftStudyUITests" */;
			buildPhases = (
				EB77F4452B9E8320002F1C04 /* Sources */,
				EB77F4462B9E8320002F1C04 /* Frameworks */,
				EB77F4472B9E8320002F1C04 /* Resources */,
			);
			buildRules = (
			);
			dependencies = (
				EB77F44B2B9E8320002F1C04 /* PBXTargetDependency */,
			);
			name = RxSwiftStudyUITests;
			productName = RxSwiftStudyUITests;
			productReference = EB77F4492B9E8320002F1C04 /* RxSwiftStudyUITests.xctest */;
			productType = "com.apple.product-type.bundle.ui-testing";
		};
/* End PBXNativeTarget section */

/* Begin PBXProject section */
		EB77F4212B9E831F002F1C04 /* Project object */ = {
			isa = PBXProject;
			attributes = {
				BuildIndependentTargetsInParallel = 1;
				LastSwiftUpdateCheck = 1510;
				LastUpgradeCheck = 1510;
				TargetAttributes = {
					EB77F4282B9E831F002F1C04 = {
						CreatedOnToolsVersion = 15.1;
					};
					EB77F43E2B9E8320002F1C04 = {
						CreatedOnToolsVersion = 15.1;
						TestTargetID = EB77F4282B9E831F002F1C04;
					};
					EB77F4482B9E8320002F1C04 = {
						CreatedOnToolsVersion = 15.1;
						TestTargetID = EB77F4282B9E831F002F1C04;
					};
				};
			};
			buildConfigurationList = EB77F4242B9E831F002F1C04 /* Build configuration list for PBXProject "RxSwiftStudy" */;
			compatibilityVersion = "Xcode 14.0";
			developmentRegion = en;
			hasScannedForEncodings = 0;
			knownRegions = (
				en,
				Base,
			);
			mainGroup = EB77F4202B9E831F002F1C04;
			packageReferences = (
				EB77F45C2B9E8CDC002F1C04 /* XCRemoteSwiftPackageReference "RxSwift" */,
				EB5A86482BA2880400BDE504 /* XCRemoteSwiftPackageReference "RxDataSources" */,
			);
			productRefGroup = EB77F42A2B9E831F002F1C04 /* Products */;
			projectDirPath = "";
			projectRoot = "";
			targets = (
				EB77F4282B9E831F002F1C04 /* RxSwiftStudy */,
				EB77F43E2B9E8320002F1C04 /* RxSwiftStudyTests */,
				EB77F4482B9E8320002F1C04 /* RxSwiftStudyUITests */,
			);
		};
/* End PBXProject section */

/* Begin PBXResourcesBuildPhase section */
		EB77F4272B9E831F002F1C04 /* Resources */ = {
			isa = PBXResourcesBuildPhase;
			buildActionMask = 2147483647;
			files = (
				EB77F4392B9E8320002F1C04 /* LaunchScreen.storyboard in Resources */,
				EB77F4362B9E8320002F1C04 /* Assets.xcassets in Resources */,
				EB77F4342B9E831F002F1C04 /* Main.storyboard in Resources */,
			);
			runOnlyForDeploymentPostprocessing = 0;
		};
		EB77F43D2B9E8320002F1C04 /* Resources */ = {
			isa = PBXResourcesBuildPhase;
			buildActionMask = 2147483647;
			files = (
			);
			runOnlyForDeploymentPostprocessing = 0;
		};
		EB77F4472B9E8320002F1C04 /* Resources */ = {
			isa = PBXResourcesBuildPhase;
			buildActionMask = 2147483647;
			files = (
			);
			runOnlyForDeploymentPostprocessing = 0;
		};
/* End PBXResourcesBuildPhase section */

/* Begin PBXSourcesBuildPhase section */
		EB77F4252B9E831F002F1C04 /* Sources */ = {
			isa = PBXSourcesBuildPhase;
			buildActionMask = 2147483647;
			files = (
				EBCB51D12BA977FB00766BD1 /* DetailViewController.swift in Sources */,
				EB18CC3A2BA825E10033E436 /* TableItemPlussViewCell.swift in Sources */,
				EB3285652BA1982700BF55FF /* MainViewModel.swift in Sources */,
				EB32856A2BA1A10900BF55FF /* TableItemViewCell.swift in Sources */,
				EB77F4312B9E831F002F1C04 /* ViewController.swift in Sources */,
				EB3285682BA1983700BF55FF /* MainModel.swift in Sources */,
				EB77F42D2B9E831F002F1C04 /* AppDelegate.swift in Sources */,
				EB77F42F2B9E831F002F1C04 /* SceneDelegate.swift in Sources */,
				EB3285622BA197FD00BF55FF /* MainViewController.swift in Sources */,
			);
			runOnlyForDeploymentPostprocessing = 0;
		};
		EB77F43B2B9E8320002F1C04 /* Sources */ = {
			isa = PBXSourcesBuildPhase;
			buildActionMask = 2147483647;
			files = (
				EB77F4442B9E8320002F1C04 /* RxSwiftStudyTests.swift in Sources */,
			);
			runOnlyForDeploymentPostprocessing = 0;
		};
		EB77F4452B9E8320002F1C04 /* Sources */ = {
			isa = PBXSourcesBuildPhase;
			buildActionMask = 2147483647;
			files = (
				EB77F4502B9E8320002F1C04 /* RxSwiftStudyUITestsLaunchTests.swift in Sources */,
				EB77F44E2B9E8320002F1C04 /* RxSwiftStudyUITests.swift in Sources */,
			);
			runOnlyForDeploymentPostprocessing = 0;
		};
/* End PBXSourcesBuildPhase section */

/* Begin PBXTargetDependency section */
		EB77F4412B9E8320002F1C04 /* PBXTargetDependency */ = {
			isa = PBXTargetDependency;
			target = EB77F4282B9E831F002F1C04 /* RxSwiftStudy */;
			targetProxy = EB77F4402B9E8320002F1C04 /* PBXContainerItemProxy */;
		};
		EB77F44B2B9E8320002F1C04 /* PBXTargetDependency */ = {
			isa = PBXTargetDependency;
			target = EB77F4282B9E831F002F1C04 /* RxSwiftStudy */;
			targetProxy = EB77F44A2B9E8320002F1C04 /* PBXContainerItemProxy */;
		};
/* End PBXTargetDependency section */

/* Begin PBXVariantGroup section */
		EB77F4322B9E831F002F1C04 /* Main.storyboard */ = {
			isa = PBXVariantGroup;
			children = (
				EB77F4332B9E831F002F1C04 /* Base */,
			);
			name = Main.storyboard;
			sourceTree = "<group>";
		};
		EB77F4372B9E8320002F1C04 /* LaunchScreen.storyboard */ = {
			isa = PBXVariantGroup;
			children = (
				EB77F4382B9E8320002F1C04 /* Base */,
			);
			name = LaunchScreen.storyboard;
			sourceTree = "<group>";
		};
/* End PBXVariantGroup section */

/* Begin XCBuildConfiguration section */
		EB77F4512B9E8320002F1C04 /* Debug */ = {
			isa = XCBuildConfiguration;
			buildSettings = {
				ALWAYS_SEARCH_USER_PATHS = NO;
				ASSETCATALOG_COMPILER_GENERATE_SWIFT_ASSET_SYMBOL_EXTENSIONS = YES;
				CLANG_ANALYZER_NONNULL = YES;
				CLANG_ANALYZER_NUMBER_OBJECT_CONVERSION = YES_AGGRESSIVE;
				CLANG_CXX_LANGUAGE_STANDARD = "gnu++20";
				CLANG_ENABLE_MODULES = YES;
				CLANG_ENABLE_OBJC_ARC = YES;
				CLANG_ENABLE_OBJC_WEAK = YES;
				CLANG_WARN_BLOCK_CAPTURE_AUTORELEASING = YES;
				CLANG_WARN_BOOL_CONVERSION = YES;
				CLANG_WARN_COMMA = YES;
				CLANG_WARN_CONSTANT_CONVERSION = YES;
				CLANG_WARN_DEPRECATED_OBJC_IMPLEMENTATIONS = YES;
				CLANG_WARN_DIRECT_OBJC_ISA_USAGE = YES_ERROR;
				CLANG_WARN_DOCUMENTATION_COMMENTS = YES;
				CLANG_WARN_EMPTY_BODY = YES;
				CLANG_WARN_ENUM_CONVERSION = YES;
				CLANG_WARN_INFINITE_RECURSION = YES;
				CLANG_WARN_INT_CONVERSION = YES;
				CLANG_WARN_NON_LITERAL_NULL_CONVERSION = YES;
				CLANG_WARN_OBJC_IMPLICIT_RETAIN_SELF = YES;
				CLANG_WARN_OBJC_LITERAL_CONVERSION = YES;
				CLANG_WARN_OBJC_ROOT_CLASS = YES_ERROR;
				CLANG_WARN_QUOTED_INCLUDE_IN_FRAMEWORK_HEADER = YES;
				CLANG_WARN_RANGE_LOOP_ANALYSIS = YES;
				CLANG_WARN_STRICT_PROTOTYPES = YES;
				CLANG_WARN_SUSPICIOUS_MOVE = YES;
				CLANG_WARN_UNGUARDED_AVAILABILITY = YES_AGGRESSIVE;
				CLANG_WARN_UNREACHABLE_CODE = YES;
				CLANG_WARN__DUPLICATE_METHOD_MATCH = YES;
				COPY_PHASE_STRIP = NO;
				DEBUG_INFORMATION_FORMAT = dwarf;
				ENABLE_STRICT_OBJC_MSGSEND = YES;
				ENABLE_TESTABILITY = YES;
				ENABLE_USER_SCRIPT_SANDBOXING = YES;
				GCC_C_LANGUAGE_STANDARD = gnu17;
				GCC_DYNAMIC_NO_PIC = NO;
				GCC_NO_COMMON_BLOCKS = YES;
				GCC_OPTIMIZATION_LEVEL = 0;
				GCC_PREPROCESSOR_DEFINITIONS = (
					"DEBUG=1",
					"$(inherited)",
				);
				GCC_WARN_64_TO_32_BIT_CONVERSION = YES;
				GCC_WARN_ABOUT_RETURN_TYPE = YES_ERROR;
				GCC_WARN_UNDECLARED_SELECTOR = YES;
				GCC_WARN_UNINITIALIZED_AUTOS = YES_AGGRESSIVE;
				GCC_WARN_UNUSED_FUNCTION = YES;
				GCC_WARN_UNUSED_VARIABLE = YES;
				IPHONEOS_DEPLOYMENT_TARGET = 17.2;
				LOCALIZATION_PREFERS_STRING_CATALOGS = YES;
				MTL_ENABLE_DEBUG_INFO = INCLUDE_SOURCE;
				MTL_FAST_MATH = YES;
				ONLY_ACTIVE_ARCH = YES;
				SDKROOT = iphoneos;
				SWIFT_ACTIVE_COMPILATION_CONDITIONS = "DEBUG $(inherited)";
				SWIFT_OPTIMIZATION_LEVEL = "-Onone";
			};
			name = Debug;
		};
		EB77F4522B9E8320002F1C04 /* Release */ = {
			isa = XCBuildConfiguration;
			buildSettings = {
				ALWAYS_SEARCH_USER_PATHS = NO;
				ASSETCATALOG_COMPILER_GENERATE_SWIFT_ASSET_SYMBOL_EXTENSIONS = YES;
				CLANG_ANALYZER_NONNULL = YES;
				CLANG_ANALYZER_NUMBER_OBJECT_CONVERSION = YES_AGGRESSIVE;
				CLANG_CXX_LANGUAGE_STANDARD = "gnu++20";
				CLANG_ENABLE_MODULES = YES;
				CLANG_ENABLE_OBJC_ARC = YES;
				CLANG_ENABLE_OBJC_WEAK = YES;
				CLANG_WARN_BLOCK_CAPTURE_AUTORELEASING = YES;
				CLANG_WARN_BOOL_CONVERSION = YES;
				CLANG_WARN_COMMA = YES;
				CLANG_WARN_CONSTANT_CONVERSION = YES;
				CLANG_WARN_DEPRECATED_OBJC_IMPLEMENTATIONS = YES;
				CLANG_WARN_DIRECT_OBJC_ISA_USAGE = YES_ERROR;
				CLANG_WARN_DOCUMENTATION_COMMENTS = YES;
				CLANG_WARN_EMPTY_BODY = YES;
				CLANG_WARN_ENUM_CONVERSION = YES;
				CLANG_WARN_INFINITE_RECURSION = YES;
				CLANG_WARN_INT_CONVERSION = YES;
				CLANG_WARN_NON_LITERAL_NULL_CONVERSION = YES;
				CLANG_WARN_OBJC_IMPLICIT_RETAIN_SELF = YES;
				CLANG_WARN_OBJC_LITERAL_CONVERSION = YES;
				CLANG_WARN_OBJC_ROOT_CLASS = YES_ERROR;
				CLANG_WARN_QUOTED_INCLUDE_IN_FRAMEWORK_HEADER = YES;
				CLANG_WARN_RANGE_LOOP_ANALYSIS = YES;
				CLANG_WARN_STRICT_PROTOTYPES = YES;
				CLANG_WARN_SUSPICIOUS_MOVE = YES;
				CLANG_WARN_UNGUARDED_AVAILABILITY = YES_AGGRESSIVE;
				CLANG_WARN_UNREACHABLE_CODE = YES;
				CLANG_WARN__DUPLICATE_METHOD_MATCH = YES;
				COPY_PHASE_STRIP = NO;
				DEBUG_INFORMATION_FORMAT = "dwarf-with-dsym";
				ENABLE_NS_ASSERTIONS = NO;
				ENABLE_STRICT_OBJC_MSGSEND = YES;
				ENABLE_USER_SCRIPT_SANDBOXING = YES;
				GCC_C_LANGUAGE_STANDARD = gnu17;
				GCC_NO_COMMON_BLOCKS = YES;
				GCC_WARN_64_TO_32_BIT_CONVERSION = YES;
				GCC_WARN_ABOUT_RETURN_TYPE = YES_ERROR;
				GCC_WARN_UNDECLARED_SELECTOR = YES;
				GCC_WARN_UNINITIALIZED_AUTOS = YES_AGGRESSIVE;
				GCC_WARN_UNUSED_FUNCTION = YES;
				GCC_WARN_UNUSED_VARIABLE = YES;
				IPHONEOS_DEPLOYMENT_TARGET = 17.2;
				LOCALIZATION_PREFERS_STRING_CATALOGS = YES;
				MTL_ENABLE_DEBUG_INFO = NO;
				MTL_FAST_MATH = YES;
				SDKROOT = iphoneos;
				SWIFT_COMPILATION_MODE = wholemodule;
				VALIDATE_PRODUCT = YES;
			};
			name = Release;
		};
		EB77F4542B9E8320002F1C04 /* Debug */ = {
			isa = XCBuildConfiguration;
			buildSettings = {
				ASSETCATALOG_COMPILER_APPICON_NAME = AppIcon;
				ASSETCATALOG_COMPILER_GLOBAL_ACCENT_COLOR_NAME = AccentColor;
				CODE_SIGN_STYLE = Automatic;
				CURRENT_PROJECT_VERSION = 1;
				DEVELOPMENT_TEAM = QDTB4WL24B;
				GENERATE_INFOPLIST_FILE = YES;
				INFOPLIST_FILE = RxSwiftStudy/Info.plist;
				INFOPLIST_KEY_UIApplicationSupportsIndirectInputEvents = YES;
				INFOPLIST_KEY_UILaunchStoryboardName = LaunchScreen;
				INFOPLIST_KEY_UIMainStoryboardFile = Main;
				INFOPLIST_KEY_UISupportedInterfaceOrientations_iPad = "UIInterfaceOrientationPortrait UIInterfaceOrientationPortraitUpsideDown UIInterfaceOrientationLandscapeLeft UIInterfaceOrientationLandscapeRight";
				INFOPLIST_KEY_UISupportedInterfaceOrientations_iPhone = "UIInterfaceOrientationPortrait UIInterfaceOrientationLandscapeLeft UIInterfaceOrientationLandscapeRight";
				LD_RUNPATH_SEARCH_PATHS = (
					"$(inherited)",
					"@executable_path/Frameworks",
				);
				MARKETING_VERSION = 1.0;
				PRODUCT_BUNDLE_IDENTIFIER = com.seoyeon.RxSwiftStudy;
				PRODUCT_NAME = "$(TARGET_NAME)";
				SWIFT_EMIT_LOC_STRINGS = YES;
				SWIFT_VERSION = 5.0;
				TARGETED_DEVICE_FAMILY = "1,2";
			};
			name = Debug;
		};
		EB77F4552B9E8320002F1C04 /* Release */ = {
			isa = XCBuildConfiguration;
			buildSettings = {
				ASSETCATALOG_COMPILER_APPICON_NAME = AppIcon;
				ASSETCATALOG_COMPILER_GLOBAL_ACCENT_COLOR_NAME = AccentColor;
				CODE_SIGN_STYLE = Automatic;
				CURRENT_PROJECT_VERSION = 1;
				DEVELOPMENT_TEAM = QDTB4WL24B;
				GENERATE_INFOPLIST_FILE = YES;
				INFOPLIST_FILE = RxSwiftStudy/Info.plist;
				INFOPLIST_KEY_UIApplicationSupportsIndirectInputEvents = YES;
				INFOPLIST_KEY_UILaunchStoryboardName = LaunchScreen;
				INFOPLIST_KEY_UIMainStoryboardFile = Main;
				INFOPLIST_KEY_UISupportedInterfaceOrientations_iPad = "UIInterfaceOrientationPortrait UIInterfaceOrientationPortraitUpsideDown UIInterfaceOrientationLandscapeLeft UIInterfaceOrientationLandscapeRight";
				INFOPLIST_KEY_UISupportedInterfaceOrientations_iPhone = "UIInterfaceOrientationPortrait UIInterfaceOrientationLandscapeLeft UIInterfaceOrientationLandscapeRight";
				LD_RUNPATH_SEARCH_PATHS = (
					"$(inherited)",
					"@executable_path/Frameworks",
				);
				MARKETING_VERSION = 1.0;
				PRODUCT_BUNDLE_IDENTIFIER = com.seoyeon.RxSwiftStudy;
				PRODUCT_NAME = "$(TARGET_NAME)";
				SWIFT_EMIT_LOC_STRINGS = YES;
				SWIFT_VERSION = 5.0;
				TARGETED_DEVICE_FAMILY = "1,2";
			};
			name = Release;
		};
		EB77F4572B9E8320002F1C04 /* Debug */ = {
			isa = XCBuildConfiguration;
			buildSettings = {
				ALWAYS_EMBED_SWIFT_STANDARD_LIBRARIES = YES;
				BUNDLE_LOADER = "$(TEST_HOST)";
				CODE_SIGN_STYLE = Automatic;
				CURRENT_PROJECT_VERSION = 1;
				DEVELOPMENT_TEAM = QDTB4WL24B;
				GENERATE_INFOPLIST_FILE = YES;
				IPHONEOS_DEPLOYMENT_TARGET = 17.2;
				MARKETING_VERSION = 1.0;
				PRODUCT_BUNDLE_IDENTIFIER = com.seoyeon.RxSwiftStudyTests;
				PRODUCT_NAME = "$(TARGET_NAME)";
				SWIFT_EMIT_LOC_STRINGS = NO;
				SWIFT_VERSION = 5.0;
				TARGETED_DEVICE_FAMILY = "1,2";
				TEST_HOST = "$(BUILT_PRODUCTS_DIR)/RxSwiftStudy.app/$(BUNDLE_EXECUTABLE_FOLDER_PATH)/RxSwiftStudy";
			};
			name = Debug;
		};
		EB77F4582B9E8320002F1C04 /* Release */ = {
			isa = XCBuildConfiguration;
			buildSettings = {
				ALWAYS_EMBED_SWIFT_STANDARD_LIBRARIES = YES;
				BUNDLE_LOADER = "$(TEST_HOST)";
				CODE_SIGN_STYLE = Automatic;
				CURRENT_PROJECT_VERSION = 1;
				DEVELOPMENT_TEAM = QDTB4WL24B;
				GENERATE_INFOPLIST_FILE = YES;
				IPHONEOS_DEPLOYMENT_TARGET = 17.2;
				MARKETING_VERSION = 1.0;
				PRODUCT_BUNDLE_IDENTIFIER = com.seoyeon.RxSwiftStudyTests;
				PRODUCT_NAME = "$(TARGET_NAME)";
				SWIFT_EMIT_LOC_STRINGS = NO;
				SWIFT_VERSION = 5.0;
				TARGETED_DEVICE_FAMILY = "1,2";
				TEST_HOST = "$(BUILT_PRODUCTS_DIR)/RxSwiftStudy.app/$(BUNDLE_EXECUTABLE_FOLDER_PATH)/RxSwiftStudy";
			};
			name = Release;
		};
		EB77F45A2B9E8320002F1C04 /* Debug */ = {
			isa = XCBuildConfiguration;
			buildSettings = {
				ALWAYS_EMBED_SWIFT_STANDARD_LIBRARIES = YES;
				CODE_SIGN_STYLE = Automatic;
				CURRENT_PROJECT_VERSION = 1;
				DEVELOPMENT_TEAM = QDTB4WL24B;
				GENERATE_INFOPLIST_FILE = YES;
				MARKETING_VERSION = 1.0;
				PRODUCT_BUNDLE_IDENTIFIER = com.seoyeon.RxSwiftStudyUITests;
				PRODUCT_NAME = "$(TARGET_NAME)";
				SWIFT_EMIT_LOC_STRINGS = NO;
				SWIFT_VERSION = 5.0;
				TARGETED_DEVICE_FAMILY = "1,2";
				TEST_TARGET_NAME = RxSwiftStudy;
			};
			name = Debug;
		};
		EB77F45B2B9E8320002F1C04 /* Release */ = {
			isa = XCBuildConfiguration;
			buildSettings = {
				ALWAYS_EMBED_SWIFT_STANDARD_LIBRARIES = YES;
				CODE_SIGN_STYLE = Automatic;
				CURRENT_PROJECT_VERSION = 1;
				DEVELOPMENT_TEAM = QDTB4WL24B;
				GENERATE_INFOPLIST_FILE = YES;
				MARKETING_VERSION = 1.0;
				PRODUCT_BUNDLE_IDENTIFIER = com.seoyeon.RxSwiftStudyUITests;
				PRODUCT_NAME = "$(TARGET_NAME)";
				SWIFT_EMIT_LOC_STRINGS = NO;
				SWIFT_VERSION = 5.0;
				TARGETED_DEVICE_FAMILY = "1,2";
				TEST_TARGET_NAME = RxSwiftStudy;
			};
			name = Release;
		};
/* End XCBuildConfiguration section */

/* Begin XCConfigurationList section */
		EB77F4242B9E831F002F1C04 /* Build configuration list for PBXProject "RxSwiftStudy" */ = {
			isa = XCConfigurationList;
			buildConfigurations = (
				EB77F4512B9E8320002F1C04 /* Debug */,
				EB77F4522B9E8320002F1C04 /* Release */,
			);
			defaultConfigurationIsVisible = 0;
			defaultConfigurationName = Release;
		};
		EB77F4532B9E8320002F1C04 /* Build configuration list for PBXNativeTarget "RxSwiftStudy" */ = {
			isa = XCConfigurationList;
			buildConfigurations = (
				EB77F4542B9E8320002F1C04 /* Debug */,
				EB77F4552B9E8320002F1C04 /* Release */,
			);
			defaultConfigurationIsVisible = 0;
			defaultConfigurationName = Release;
		};
		EB77F4562B9E8320002F1C04 /* Build configuration list for PBXNativeTarget "RxSwiftStudyTests" */ = {
			isa = XCConfigurationList;
			buildConfigurations = (
				EB77F4572B9E8320002F1C04 /* Debug */,
				EB77F4582B9E8320002F1C04 /* Release */,
			);
			defaultConfigurationIsVisible = 0;
			defaultConfigurationName = Release;
		};
		EB77F4592B9E8320002F1C04 /* Build configuration list for PBXNativeTarget "RxSwiftStudyUITests" */ = {
			isa = XCConfigurationList;
			buildConfigurations = (
				EB77F45A2B9E8320002F1C04 /* Debug */,
				EB77F45B2B9E8320002F1C04 /* Release */,
			);
			defaultConfigurationIsVisible = 0;
			defaultConfigurationName = Release;
		};
/* End XCConfigurationList section */

/* Begin XCRemoteSwiftPackageReference section */
		EB5A86482BA2880400BDE504 /* XCRemoteSwiftPackageReference "RxDataSources" */ = {
			isa = XCRemoteSwiftPackageReference;
			repositoryURL = "https://github.com/RxSwiftCommunity/RxDataSources";
			requirement = {
				kind = upToNextMajorVersion;
				minimumVersion = 5.0.2;
			};
		};
		EB77F45C2B9E8CDC002F1C04 /* XCRemoteSwiftPackageReference "RxSwift" */ = {
			isa = XCRemoteSwiftPackageReference;
			repositoryURL = "https://github.com/ReactiveX/RxSwift.git";
			requirement = {
				kind = upToNextMajorVersion;
				minimumVersion = 6.6.0;
			};
		};
/* End XCRemoteSwiftPackageReference section */

/* Begin XCSwiftPackageProductDependency section */
		EB5A86492BA2880400BDE504 /* Differentiator */ = {
			isa = XCSwiftPackageProductDependency;
			package = EB5A86482BA2880400BDE504 /* XCRemoteSwiftPackageReference "RxDataSources" */;
			productName = Differentiator;
		};
		EB5A864B2BA2880400BDE504 /* RxDataSources */ = {
			isa = XCSwiftPackageProductDependency;
			package = EB5A86482BA2880400BDE504 /* XCRemoteSwiftPackageReference "RxDataSources" */;
			productName = RxDataSources;
		};
		EB77F45D2B9E8CDC002F1C04 /* RxCocoa */ = {
			isa = XCSwiftPackageProductDependency;
			package = EB77F45C2B9E8CDC002F1C04 /* XCRemoteSwiftPackageReference "RxSwift" */;
			productName = RxCocoa;
		};
		EB77F45F2B9E8CDC002F1C04 /* RxSwift */ = {
			isa = XCSwiftPackageProductDependency;
			package = EB77F45C2B9E8CDC002F1C04 /* XCRemoteSwiftPackageReference "RxSwift" */;
			productName = RxSwift;
		};
/* End XCSwiftPackageProductDependency section */
	};
	rootObject = EB77F4212B9E831F002F1C04 /* Project object */;
}
